
Microsoft Visual Studio Solution File, Format Version 12.00
# Visual Studio Version 16
VisualStudioVersion = 16.0.29519.87
MinimumVisualStudioVersion = 10.0.40219.1
Project("{FAE04EC0-301F-11D3-BF4B-00C04F79EFBC}") = "sthvClient", "sthvClient\sthvClient.csproj", "{B09212B0-009F-4700-895A-2CBE898F1813}"
EndProject
Project("{9A19103F-16F7-4668-BE54-9A1E7A4F7556}") = "sthvServer", "Server\sthvServer.csproj", "{421B1047-ECB2-4F9E-BFB4-E2DFE4D3E37B}"
EndProject
Project("{2150E333-8FDC-42A3-9474-1A3956D46DE8}") = "Solution Items", "Solution Items", "{5002478F-B467-4A53-B7E0-559907C0FEB6}"
	ProjectSection(SolutionItems) = preProject
		helper.ps1 = helper.ps1
	EndProjectSection
EndProject
Global
	GlobalSection(SolutionConfigurationPlatforms) = preSolution
		Debug|Any CPU = Debug|Any CPU
		Release|Any CPU = Release|Any CPU
	EndGlobalSection
	GlobalSection(ProjectConfigurationPlatforms) = postSolution
		{B09212B0-009F-4700-895A-2CBE898F1813}.Debug|Any CPU.ActiveCfg = Debug|Any CPU
		{B09212B0-009F-4700-895A-2CBE898F1813}.Debug|Any CPU.Build.0 = Debug|Any CPU
		{B09212B0-009F-4700-895A-2CBE898F1813}.Release|Any CPU.ActiveCfg = Release|Any CPU
		{B09212B0-009F-4700-895A-2CBE898F1813}.Release|Any CPU.Build.0 = Release|Any CPU
		{421B1047-ECB2-4F9E-BFB4-E2DFE4D3E37B}.Debug|Any CPU.ActiveCfg = Debug|Any CPU
		{421B1047-ECB2-4F9E-BFB4-E2DFE4D3E37B}.Debug|Any CPU.Build.0 = Debug|Any CPU
		{421B1047-ECB2-4F9E-BFB4-E2DFE4D3E37B}.Release|Any CPU.ActiveCfg = Release|Any CPU
		{421B1047-ECB2-4F9E-BFB4-E2DFE4D3E37B}.Release|Any CPU.Build.0 = Release|Any CPU
	EndGlobalSection
	GlobalSection(SolutionProperties) = preSolution
		HideSolutionNode = FALSE
	EndGlobalSection
	GlobalSection(ExtensibilityGlobals) = postSolution
		SolutionGuid = {230CE1C7-BB2E-4513-BC12-DC005A429205}
	EndGlobalSection
EndGlobal
